
Microsoft Visual Studio Solution File, Format Version 12.00
# Visual Studio 15
VisualStudioVersion = 15.0.27428.2005
MinimumVisualStudioVersion = 10.0.40219.1
Project("{FAE04EC0-301F-11D3-BF4B-00C04F79EFBC}") = "Exporter", "Exporter\Exporter.csproj", "{6C23DF24-939C-44DC-B0C6-C21F7A3ECF51}"
EndProject
Project("{FAE04EC0-301F-11D3-BF4B-00C04F79EFBC}") = "DependecyResolver", "DependecyResolver\DependecyResolver.csproj", "{428A0DC6-75E7-46F7-B109-D9DB6CF0D945}"
EndProject
Project("{FAE04EC0-301F-11D3-BF4B-00C04F79EFBC}") = "ConsolePL", "ConsolePL\ConsolePL.csproj", "{D6333401-E2CD-48CE-A366-599F968EEB8A}"
EndProject
Global
	GlobalSection(SolutionConfigurationPlatforms) = preSolution
		Debug|Any CPU = Debug|Any CPU
		Release|Any CPU = Release|Any CPU
	EndGlobalSection
	GlobalSection(ProjectConfigurationPlatforms) = postSolution
		{6C23DF24-939C-44DC-B0C6-C21F7A3ECF51}.Debug|Any CPU.ActiveCfg = Debug|Any CPU
		{6C23DF24-939C-44DC-B0C6-C21F7A3ECF51}.Debug|Any CPU.Build.0 = Debug|Any CPU
		{6C23DF24-939C-44DC-B0C6-C21F7A3ECF51}.Release|Any CPU.ActiveCfg = Release|Any CPU
		{6C23DF24-939C-44DC-B0C6-C21F7A3ECF51}.Release|Any CPU.Build.0 = Release|Any CPU
		{428A0DC6-75E7-46F7-B109-D9DB6CF0D945}.Debug|Any CPU.ActiveCfg = Debug|Any CPU
		{428A0DC6-75E7-46F7-B109-D9DB6CF0D945}.Debug|Any CPU.Build.0 = Debug|Any CPU
		{428A0DC6-75E7-46F7-B109-D9DB6CF0D945}.Release|Any CPU.ActiveCfg = Release|Any CPU
		{428A0DC6-75E7-46F7-B109-D9DB6CF0D945}.Release|Any CPU.Build.0 = Release|Any CPU
		{D6333401-E2CD-48CE-A366-599F968EEB8A}.Debug|Any CPU.ActiveCfg = Debug|Any CPU
		{D6333401-E2CD-48CE-A366-599F968EEB8A}.Debug|Any CPU.Build.0 = Debug|Any CPU
		{D6333401-E2CD-48CE-A366-599F968EEB8A}.Release|Any CPU.ActiveCfg = Release|Any CPU
		{D6333401-E2CD-48CE-A366-599F968EEB8A}.Release|Any CPU.Build.0 = Release|Any CPU
	EndGlobalSection
	GlobalSection(SolutionProperties) = preSolution
		HideSolutionNode = FALSE
	EndGlobalSection
	GlobalSection(ExtensibilityGlobals) = postSolution
		SolutionGuid = {171F7D3D-07F7-42AA-B626-AC993AB1CBD3}
	EndGlobalSection
EndGlobal
